// !$*UTF8*$!
{
	archiveVersion = 1;
	classes = {
	};
	objectVersion = 77;
	objects = {

/* Begin PBXBuildFile section */
		03C3B8E6586983CBE3FA18DA /* OakBackground.swift in Sources */ = {isa = PBXBuildFile; fileRef = D26E0F534E655ABC495FDF36 /* OakBackground.swift */; };
		110F557D3CFEFA179247DEAF /* ConversationListView.swift in Sources */ = {isa = PBXBuildFile; fileRef = DBA431CB63F6A9ACBC2F673A /* ConversationListView.swift */; };
		4901DD09E5275CA4A1BCA716 /* Models.swift in Sources */ = {isa = PBXBuildFile; fileRef = C8141DD10A44BEB1A061A453 /* Models.swift */; };
		54FA9D840892A53ADB4B73F4 /* AetherModelCatalog.swift in Sources */ = {isa = PBXBuildFile; fileRef = 16F4CB5C5C53D3927BB126F7 /* AetherModelCatalog.swift */; };
		6E1D39E7FA0B2A618276A463 /* AetherChatApp.swift in Sources */ = {isa = PBXBuildFile; fileRef = A75CC71D6D8AE5048E923411 /* AetherChatApp.swift */; };
		789F1FF0BD31428A8B29336B /* AetherBackendClient.swift in Sources */ = {isa = PBXBuildFile; fileRef = 206E2F83A641F2A88EE4DA46 /* AetherBackendClient.swift */; };
		80644A3A9DF1AB3BD57AC6DD /* SettingsView.swift in Sources */ = {isa = PBXBuildFile; fileRef = E9B65CA3006F022BA596EAD5 /* SettingsView.swift */; };
		A0643D6E50DAB16D431C0350 /* AetherOnDeviceClient.swift in Sources */ = {isa = PBXBuildFile; fileRef = B74413AB0BA1012F10A00D97 /* AetherOnDeviceClient.swift */; };
		A9253ECB0B2AEC60F134903A /* Theme.swift in Sources */ = {isa = PBXBuildFile; fileRef = 13F5FF0AD4ED4CEF36E66D60 /* Theme.swift */; };
		B0CAA0CCADC02CFB94962E66 /* ChatView.swift in Sources */ = {isa = PBXBuildFile; fileRef = 9D5974F2A6845866B4D19213 /* ChatView.swift */; };
		BD19FEDCFEC33192A151A809 /* ContentView.swift in Sources */ = {isa = PBXBuildFile; fileRef = 6F7C8667FF0B2BD51ECB8A79 /* ContentView.swift */; };
		BD40D3F027D6CEF0ED707465 /* LlamaSwift in Frameworks */ = {isa = PBXBuildFile; productRef = 2CDBE4BCB2CEB38B77FCD8FE /* LlamaSwift */; };
		DEA563445D69FD229384551E /* WelcomeView.swift in Sources */ = {isa = PBXBuildFile; fileRef = AA3332E3AE730AB8A109BB39 /* WelcomeView.swift */; };
/* End PBXBuildFile section */

/* Begin PBXFileReference section */
		13F5FF0AD4ED4CEF36E66D60 /* Theme.swift */ = {isa = PBXFileReference; lastKnownFileType = sourcecode.swift; path = Theme.swift; sourceTree = "<group>"; };
		16F4CB5C5C53D3927BB126F7 /* AetherModelCatalog.swift */ = {isa = PBXFileReference; lastKnownFileType = sourcecode.swift; path = AetherModelCatalog.swift; sourceTree = "<group>"; };
		206E2F83A641F2A88EE4DA46 /* AetherBackendClient.swift */ = {isa = PBXFileReference; lastKnownFileType = sourcecode.swift; path = AetherBackendClient.swift; sourceTree = "<group>"; };
		6F7C8667FF0B2BD51ECB8A79 /* ContentView.swift */ = {isa = PBXFileReference; lastKnownFileType = sourcecode.swift; path = ContentView.swift; sourceTree = "<group>"; };
		7072D9240F6DED5D1510BDD3 /* Info.plist */ = {isa = PBXFileReference; lastKnownFileType = text.plist; path = Info.plist; sourceTree = "<group>"; };
		9D5974F2A6845866B4D19213 /* ChatView.swift */ = {isa = PBXFileReference; lastKnownFileType = sourcecode.swift; path = ChatView.swift; sourceTree = "<group>"; };
		A75CC71D6D8AE5048E923411 /* AetherChatApp.swift */ = {isa = PBXFileReference; lastKnownFileType = sourcecode.swift; path = AetherChatApp.swift; sourceTree = "<group>"; };
		AA3332E3AE730AB8A109BB39 /* WelcomeView.swift */ = {isa = PBXFileReference; lastKnownFileType = sourcecode.swift; path = WelcomeView.swift; sourceTree = "<group>"; };
		B53395A9747A04EF161105F9 /* AetherChat.app */ = {isa = PBXFileReference; includeInIndex = 0; lastKnownFileType = wrapper.application; path = AetherChat.app; sourceTree = BUILT_PRODUCTS_DIR; };
		B74413AB0BA1012F10A00D97 /* AetherOnDeviceClient.swift */ = {isa = PBXFileReference; lastKnownFileType = sourcecode.swift; path = AetherOnDeviceClient.swift; sourceTree = "<group>"; };
		C8141DD10A44BEB1A061A453 /* Models.swift */ = {isa = PBXFileReference; lastKnownFileType = sourcecode.swift; path = Models.swift; sourceTree = "<group>"; };
		D26E0F534E655ABC495FDF36 /* OakBackground.swift */ = {isa = PBXFileReference; lastKnownFileType = sourcecode.swift; path = OakBackground.swift; sourceTree = "<group>"; };
		DBA431CB63F6A9ACBC2F673A /* ConversationListView.swift */ = {isa = PBXFileReference; lastKnownFileType = sourcecode.swift; path = ConversationListView.swift; sourceTree = "<group>"; };
		E9B65CA3006F022BA596EAD5 /* SettingsView.swift */ = {isa = PBXFileReference; lastKnownFileType = sourcecode.swift; path = SettingsView.swift; sourceTree = "<group>"; };
/* End PBXFileReference section */

/* Begin PBXFrameworksBuildPhase section */
		4EFE08ECD7167A144DAB8B96 /* Frameworks */ = {
			isa = PBXFrameworksBuildPhase;
			buildActionMask = 2147483647;
			files = (
				BD40D3F027D6CEF0ED707465 /* LlamaSwift in Frameworks */,
			);
			runOnlyForDeploymentPostprocessing = 0;
		};
/* End PBXFrameworksBuildPhase section */

/* Begin PBXGroup section */
		17818C2821050BDFDAEFF551 /* Products */ = {
			isa = PBXGroup;
			children = (
				B53395A9747A04EF161105F9 /* AetherChat.app */,
			);
			name = Products;
			sourceTree = "<group>";
		};
		2D35C338D379E12308A35B2F /* AetherChat */ = {
			isa = PBXGroup;
			children = (
				206E2F83A641F2A88EE4DA46 /* AetherBackendClient.swift */,
				A75CC71D6D8AE5048E923411 /* AetherChatApp.swift */,
				16F4CB5C5C53D3927BB126F7 /* AetherModelCatalog.swift */,
				B74413AB0BA1012F10A00D97 /* AetherOnDeviceClient.swift */,
				9D5974F2A6845866B4D19213 /* ChatView.swift */,
				6F7C8667FF0B2BD51ECB8A79 /* ContentView.swift */,
				DBA431CB63F6A9ACBC2F673A /* ConversationListView.swift */,
				7072D9240F6DED5D1510BDD3 /* Info.plist */,
				C8141DD10A44BEB1A061A453 /* Models.swift */,
				D26E0F534E655ABC495FDF36 /* OakBackground.swift */,
				E9B65CA3006F022BA596EAD5 /* SettingsView.swift */,
				13F5FF0AD4ED4CEF36E66D60 /* Theme.swift */,
				AA3332E3AE730AB8A109BB39 /* WelcomeView.swift */,
			);
			path = AetherChat;
			sourceTree = "<group>";
		};
		96190B70EB576AF72A33524F = {
			isa = PBXGroup;
			children = (
				2D35C338D379E12308A35B2F /* AetherChat */,
				17818C2821050BDFDAEFF551 /* Products */,
			);
			sourceTree = "<group>";
		};
/* End PBXGroup section */

/* Begin PBXNativeTarget section */
		541DBC3A236E7B2BD15A5509 /* AetherChat */ = {
			isa = PBXNativeTarget;
			buildConfigurationList = 8A9DED268FC1891D8BBDBE2A /* Build configuration list for PBXNativeTarget "AetherChat" */;
			buildPhases = (
				306BA0A7E20F583C78B289B0 /* Sources */,
				4EFE08ECD7167A144DAB8B96 /* Frameworks */,
			);
			buildRules = (
			);
			dependencies = (
			);
			name = AetherChat;
			packageProductDependencies = (
				2CDBE4BCB2CEB38B77FCD8FE /* LlamaSwift */,
			);
			productName = AetherChat;
			productReference = B53395A9747A04EF161105F9 /* AetherChat.app */;
			productType = "com.apple.product-type.application";
		};
/* End PBXNativeTarget section */

/* Begin PBXProject section */
		DE3D4E5A7920071C7843B1EC /* Project object */ = {
			isa = PBXProject;
			attributes = {
				BuildIndependentTargetsInParallel = YES;
				LastUpgradeCheck = 1540;
				TargetAttributes = {
					541DBC3A236E7B2BD15A5509 = {
						DevelopmentTeam = YPHP5T7N84;
						ProvisioningStyle = Automatic;
					};
				};
			};
			buildConfigurationList = 55DA393DEDE02CC26C623D2F /* Build configuration list for PBXProject "AetherChat" */;
			developmentRegion = en;
			hasScannedForEncodings = 0;
			knownRegions = (
				Base,
				en,
			);
			mainGroup = 96190B70EB576AF72A33524F;
			minimizedProjectReferenceProxies = 1;
			packageReferences = (
				8DA8E2CB05D13D8C5B7FEB37 /* XCRemoteSwiftPackageReference "llama.swift" */,
			);
			preferredProjectObjectVersion = 77;
			productRefGroup = 17818C2821050BDFDAEFF551 /* Products */;
			projectDirPath = "";
			projectRoot = "";
			targets = (
				541DBC3A236E7B2BD15A5509 /* AetherChat */,
			);
		};
/* End PBXProject section */

/* Begin PBXSourcesBuildPhase section */
		306BA0A7E20F583C78B289B0 /* Sources */ = {
			isa = PBXSourcesBuildPhase;
			buildActionMask = 2147483647;
			files = (
				789F1FF0BD31428A8B29336B /* AetherBackendClient.swift in Sources */,
				6E1D39E7FA0B2A618276A463 /* AetherChatApp.swift in Sources */,
				54FA9D840892A53ADB4B73F4 /* AetherModelCatalog.swift in Sources */,
				A0643D6E50DAB16D431C0350 /* AetherOnDeviceClient.swift in Sources */,
				B0CAA0CCADC02CFB94962E66 /* ChatView.swift in Sources */,
				BD19FEDCFEC33192A151A809 /* ContentView.swift in Sources */,
				110F557D3CFEFA179247DEAF /* ConversationListView.swift in Sources */,
				4901DD09E5275CA4A1BCA716 /* Models.swift in Sources */,
				03C3B8E6586983CBE3FA18DA /* OakBackground.swift in Sources */,
				80644A3A9DF1AB3BD57AC6DD /* SettingsView.swift in Sources */,
				A9253ECB0B2AEC60F134903A /* Theme.swift in Sources */,
				DEA563445D69FD229384551E /* WelcomeView.swift in Sources */,
			);
			runOnlyForDeploymentPostprocessing = 0;
		};
/* End PBXSourcesBuildPhase section */

/* Begin XCBuildConfiguration section */
		1B89F2CBF30B476F753E41FD /* Release */ = {
			isa = XCBuildConfiguration;
			buildSettings = {
				ALWAYS_SEARCH_USER_PATHS = NO;
				CLANG_ANALYZER_NONNULL = YES;
				CLANG_ANALYZER_NUMBER_OBJECT_CONVERSION = YES_AGGRESSIVE;
				CLANG_CXX_LANGUAGE_STANDARD = "gnu++14";
				CLANG_CXX_LIBRARY = "libc++";
				CLANG_ENABLE_MODULES = YES;
				CLANG_ENABLE_OBJC_ARC = YES;
				CLANG_ENABLE_OBJC_WEAK = YES;
				CLANG_WARN_BLOCK_CAPTURE_AUTORELEASING = YES;
				CLANG_WARN_BOOL_CONVERSION = YES;
				CLANG_WARN_COMMA = YES;
				CLANG_WARN_CONSTANT_CONVERSION = YES;
				CLANG_WARN_DEPRECATED_OBJC_IMPLEMENTATIONS = YES;
				CLANG_WARN_DIRECT_OBJC_ISA_USAGE = YES_ERROR;
				CLANG_WARN_DOCUMENTATION_COMMENTS = YES;
				CLANG_WARN_EMPTY_BODY = YES;
				CLANG_WARN_ENUM_CONVERSION = YES;
				CLANG_WARN_INFINITE_RECURSION = YES;
				CLANG_WARN_INT_CONVERSION = YES;
				CLANG_WARN_NON_LITERAL_NULL_CONVERSION = YES;
				CLANG_WARN_OBJC_IMPLICIT_RETAIN_SELF = YES;
				CLANG_WARN_OBJC_LITERAL_CONVERSION = YES;
				CLANG_WARN_OBJC_ROOT_CLASS = YES_ERROR;
				CLANG_WARN_QUOTED_INCLUDE_IN_FRAMEWORK_HEADER = YES;
				CLANG_WARN_RANGE_LOOP_ANALYSIS = YES;
				CLANG_WARN_STRICT_PROTOTYPES = YES;
				CLANG_WARN_SUSPICIOUS_MOVE = YES;
				CLANG_WARN_UNGUARDED_AVAILABILITY = YES_AGGRESSIVE;
				CLANG_WARN_UNREACHABLE_CODE = YES;
				CLANG_WARN__DUPLICATE_METHOD_MATCH = YES;
				COPY_PHASE_STRIP = NO;
				CURRENT_PROJECT_VERSION = 1;
				DEBUG_INFORMATION_FORMAT = "dwarf-with-dsym";
				ENABLE_NS_ASSERTIONS = NO;
				ENABLE_STRICT_OBJC_MSGSEND = YES;
				GCC_C_LANGUAGE_STANDARD = gnu11;
				GCC_NO_COMMON_BLOCKS = YES;
				GCC_WARN_64_TO_32_BIT_CONVERSION = YES;
				GCC_WARN_ABOUT_RETURN_TYPE = YES_ERROR;
				GCC_WARN_UNDECLARED_SELECTOR = YES;
				GCC_WARN_UNINITIALIZED_AUTOS = YES_AGGRESSIVE;
				GCC_WARN_UNUSED_FUNCTION = YES;
				GCC_WARN_UNUSED_VARIABLE = YES;
				IPHONEOS_DEPLOYMENT_TARGET = 17.0;
				MARKETING_VERSION = 1.0.0;
				MTL_ENABLE_DEBUG_INFO = NO;
				MTL_FAST_MATH = YES;
				PRODUCT_NAME = "$(TARGET_NAME)";
				SDKROOT = iphoneos;
				SWIFT_COMPILATION_MODE = wholemodule;
				SWIFT_OPTIMIZATION_LEVEL = "-O";
				SWIFT_VERSION = 6.0;
			};
			name = Release;
		};
		25D45F92D9A0ACC403877CDE /* Release */ = {
			isa = XCBuildConfiguration;
			buildSettings = {
				ASSETCATALOG_COMPILER_APPICON_NAME = AppIcon;
				CODE_SIGN_IDENTITY = "iPhone Developer";
				CODE_SIGN_STYLE = Automatic;
				DEVELOPMENT_TEAM = YPHP5T7N84;
				INFOPLIST_FILE = AetherChat/Info.plist;
				LD_RUNPATH_SEARCH_PATHS = (
					"$(inherited)",
					"@executable_path/Frameworks",
				);
				PRODUCT_BUNDLE_IDENTIFIER = com.nathanaelguitar.aetherchat;
				SDKROOT = iphoneos;
				TARGETED_DEVICE_FAMILY = "1,2";
			};
			name = Release;
		};
		2812862BF966DE3764C148B6 /* Debug */ = {
			isa = XCBuildConfiguration;
			buildSettings = {
				ASSETCATALOG_COMPILER_APPICON_NAME = AppIcon;
				CODE_SIGN_IDENTITY = "iPhone Developer";
				CODE_SIGN_STYLE = Automatic;
				DEVELOPMENT_TEAM = YPHP5T7N84;
				INFOPLIST_FILE = AetherChat/Info.plist;
				LD_RUNPATH_SEARCH_PATHS = (
					"$(inherited)",
					"@executable_path/Frameworks",
				);
				PRODUCT_BUNDLE_IDENTIFIER = com.nathanaelguitar.aetherchat;
				SDKROOT = iphoneos;
				TARGETED_DEVICE_FAMILY = "1,2";
			};
			name = Debug;
		};
		DF3BEA9D5787BDB914AB22FF /* Debug */ = {
			isa = XCBuildConfiguration;
			buildSettings = {
				ALWAYS_SEARCH_USER_PATHS = NO;
				CLANG_ANALYZER_NONNULL = YES;
				CLANG_ANALYZER_NUMBER_OBJECT_CONVERSION = YES_AGGRESSIVE;
				CLANG_CXX_LANGUAGE_STANDARD = "gnu++14";
				CLANG_CXX_LIBRARY = "libc++";
				CLANG_ENABLE_MODULES = YES;
				CLANG_ENABLE_OBJC_ARC = YES;
				CLANG_ENABLE_OBJC_WEAK = YES;
				CLANG_WARN_BLOCK_CAPTURE_AUTORELEASING = YES;
				CLANG_WARN_BOOL_CONVERSION = YES;
				CLANG_WARN_COMMA = YES;
				CLANG_WARN_CONSTANT_CONVERSION = YES;
				CLANG_WARN_DEPRECATED_OBJC_IMPLEMENTATIONS = YES;
				CLANG_WARN_DIRECT_OBJC_ISA_USAGE = YES_ERROR;
				CLANG_WARN_DOCUMENTATION_COMMENTS = YES;
				CLANG_WARN_EMPTY_BODY = YES;
				CLANG_WARN_ENUM_CONVERSION = YES;
				CLANG_WARN_INFINITE_RECURSION = YES;
				CLANG_WARN_INT_CONVERSION = YES;
				CLANG_WARN_NON_LITERAL_NULL_CONVERSION = YES;
				CLANG_WARN_OBJC_IMPLICIT_RETAIN_SELF = YES;
				CLANG_WARN_OBJC_LITERAL_CONVERSION = YES;
				CLANG_WARN_OBJC_ROOT_CLASS = YES_ERROR;
				CLANG_WARN_QUOTED_INCLUDE_IN_FRAMEWORK_HEADER = YES;
				CLANG_WARN_RANGE_LOOP_ANALYSIS = YES;
				CLANG_WARN_STRICT_PROTOTYPES = YES;
				CLANG_WARN_SUSPICIOUS_MOVE = YES;
				CLANG_WARN_UNGUARDED_AVAILABILITY = YES_AGGRESSIVE;
				CLANG_WARN_UNREACHABLE_CODE = YES;
				CLANG_WARN__DUPLICATE_METHOD_MATCH = YES;
				COPY_PHASE_STRIP = NO;
				CURRENT_PROJECT_VERSION = 1;
				DEBUG_INFORMATION_FORMAT = dwarf;
				ENABLE_STRICT_OBJC_MSGSEND = YES;
				ENABLE_TESTABILITY = YES;
				GCC_C_LANGUAGE_STANDARD = gnu11;
				GCC_DYNAMIC_NO_PIC = NO;
				GCC_NO_COMMON_BLOCKS = YES;
				GCC_OPTIMIZATION_LEVEL = 0;
				GCC_PREPROCESSOR_DEFINITIONS = (
					"$(inherited)",
					"DEBUG=1",
				);
				GCC_WARN_64_TO_32_BIT_CONVERSION = YES;
				GCC_WARN_ABOUT_RETURN_TYPE = YES_ERROR;
				GCC_WARN_UNDECLARED_SELECTOR = YES;
				GCC_WARN_UNINITIALIZED_AUTOS = YES_AGGRESSIVE;
				GCC_WARN_UNUSED_FUNCTION = YES;
				GCC_WARN_UNUSED_VARIABLE = YES;
				IPHONEOS_DEPLOYMENT_TARGET = 17.0;
				MARKETING_VERSION = 1.0.0;
				MTL_ENABLE_DEBUG_INFO = INCLUDE_SOURCE;
				MTL_FAST_MATH = YES;
				ONLY_ACTIVE_ARCH = YES;
				PRODUCT_NAME = "$(TARGET_NAME)";
				SDKROOT = iphoneos;
				SWIFT_ACTIVE_COMPILATION_CONDITIONS = DEBUG;
				SWIFT_OPTIMIZATION_LEVEL = "-Onone";
				SWIFT_VERSION = 6.0;
			};
			name = Debug;
		};
/* End XCBuildConfiguration section */

/* Begin XCConfigurationList section */
		55DA393DEDE02CC26C623D2F /* Build configuration list for PBXProject "AetherChat" */ = {
			isa = XCConfigurationList;
			buildConfigurations = (
				DF3BEA9D5787BDB914AB22FF /* Debug */,
				1B89F2CBF30B476F753E41FD /* Release */,
			);
			defaultConfigurationIsVisible = 0;
			defaultConfigurationName = Debug;
		};
		8A9DED268FC1891D8BBDBE2A /* Build configuration list for PBXNativeTarget "AetherChat" */ = {
			isa = XCConfigurationList;
			buildConfigurations = (
				2812862BF966DE3764C148B6 /* Debug */,
				25D45F92D9A0ACC403877CDE /* Release */,
			);
			defaultConfigurationIsVisible = 0;
			defaultConfigurationName = Debug;
		};
/* End XCConfigurationList section */

/* Begin XCRemoteSwiftPackageReference section */
		8DA8E2CB05D13D8C5B7FEB37 /* XCRemoteSwiftPackageReference "llama.swift" */ = {
			isa = XCRemoteSwiftPackageReference;
			repositoryURL = "https://github.com/mattt/llama.swift.git";
			requirement = {
				kind = upToNextMajorVersion;
				minimumVersion = 2.9821.0;
			};
		};
/* End XCRemoteSwiftPackageReference section */

/* Begin XCSwiftPackageProductDependency section */
		2CDBE4BCB2CEB38B77FCD8FE /* LlamaSwift */ = {
			isa = XCSwiftPackageProductDependency;
			package = 8DA8E2CB05D13D8C5B7FEB37 /* XCRemoteSwiftPackageReference "llama.swift" */;
			productName = LlamaSwift;
		};
/* End XCSwiftPackageProductDependency section */
	};
	rootObject = DE3D4E5A7920071C7843B1EC /* Project object */;
}
