{
  "originHash" : "3c96f2a7fbbebb0f1d100b219a3fdd34fb507dc2b014d87fd8eb5b705395d9ff",
  "pins" : [
    {
      "identity" : "llama.swift",
      "kind" : "remoteSourceControl",
      "location" : "https://github.com/mattt/llama.swift.git",
      "state" : {
        "revision" : "f1bdb767146afadad16b78552c59a98c1f823e0a",
        "version" : "2.9821.0"
      }
    }
  ],
  "version" : 3
}
