// !$*UTF8*$!
{
	archiveVersion = 1;
	classes = {
	};
	objectVersion = 77;
	objects = {

/* Begin PBXBuildFile section */
		03C3B8E6586983CBE3FA18DA /* OakBackground.swift in Sources */ = {isa = PBXBuildFile; fileRef = D26E0F534E655ABC495FDF36 /* OakBackground.swift */; };
		09ABEC73F75E909717BAADB2 /* CanopySubscriptionManager.swift in Sources */ = {isa = PBXBuildFile; fileRef = 364B6E182C97484797BE9889 /* CanopySubscriptionManager.swift */; };
		0D0220B3E185F1D613313A41 /* HarnessStressTests.swift in Sources */ = {isa = PBXBuildFile; fileRef = ECE35A5EB67B15555DD52AE1 /* HarnessStressTests.swift */; };
		A1D0E11A0000000000000003 /* AetherModelDeliveryTests.swift in Sources */ = {isa = PBXBuildFile; fileRef = A1D0E11A0000000000000004 /* AetherModelDeliveryTests.swift */; };
		110F557D3CFEFA179247DEAF /* ConversationListView.swift in Sources */ = {isa = PBXBuildFile; fileRef = DBA431CB63F6A9ACBC2F673A /* ConversationListView.swift */; };
		440F4DDB13ACE4E8F3CAB3A3 /* AetherNetworkMonitor.swift in Sources */ = {isa = PBXBuildFile; fileRef = 00DFF4F9AE68F74FB88502D4 /* AetherNetworkMonitor.swift */; };
		4901DD09E5275CA4A1BCA716 /* Models.swift in Sources */ = {isa = PBXBuildFile; fileRef = C8141DD10A44BEB1A061A453 /* Models.swift */; };
		54FA9D840892A53ADB4B73F4 /* AetherModelCatalog.swift in Sources */ = {isa = PBXBuildFile; fileRef = 16F4CB5C5C53D3927BB126F7 /* AetherModelCatalog.swift */; };
		A1D0E11A0000000000000001 /* AetherModelDelivery.swift in Sources */ = {isa = PBXBuildFile; fileRef = A1D0E11A0000000000000002 /* AetherModelDelivery.swift */; };
		64CB717F51112E317F6537D8 /* ScreenshotTests.swift in Sources */ = {isa = PBXBuildFile; fileRef = D318C23330FCBADB7D0BB5BD /* ScreenshotTests.swift */; };
		6E1D39E7FA0B2A618276A463 /* AetherChatApp.swift in Sources */ = {isa = PBXBuildFile; fileRef = A75CC71D6D8AE5048E923411 /* AetherChatApp.swift */; };
		789F1FF0BD31428A8B29336B /* AetherBackendClient.swift in Sources */ = {isa = PBXBuildFile; fileRef = 206E2F83A641F2A88EE4DA46 /* AetherBackendClient.swift */; };
		80644A3A9DF1AB3BD57AC6DD /* SettingsView.swift in Sources */ = {isa = PBXBuildFile; fileRef = E9B65CA3006F022BA596EAD5 /* SettingsView.swift */; };
		8859BF333A4EEA671B7526D5 /* AetherMemoryStore.swift in Sources */ = {isa = PBXBuildFile; fileRef = 5497B6552020A7C472FA5CFE /* AetherMemoryStore.swift */; };
		8904875EE67D7439E5C9C80A /* CanopyFeedback.swift in Sources */ = {isa = PBXBuildFile; fileRef = E17F8864DDD735AA6F1464B6 /* CanopyFeedback.swift */; };
		904ABDA6834086E220C7F8C0 /* Assets.xcassets in Resources */ = {isa = PBXBuildFile; fileRef = 7CD95ED95BB4ABAFDF6D5FA5 /* Assets.xcassets */; };
		921E25969C8ABD6E5DC5AA02 /* AetherLocationService.swift in Sources */ = {isa = PBXBuildFile; fileRef = B1A040BA03975C0FEAB2A8C9 /* AetherLocationService.swift */; };
		A0643D6E50DAB16D431C0350 /* AetherOnDeviceClient.swift in Sources */ = {isa = PBXBuildFile; fileRef = B74413AB0BA1012F10A00D97 /* AetherOnDeviceClient.swift */; };
		A9253ECB0B2AEC60F134903A /* Theme.swift in Sources */ = {isa = PBXBuildFile; fileRef = 13F5FF0AD4ED4CEF36E66D60 /* Theme.swift */; };
		B0CAA0CCADC02CFB94962E66 /* ChatView.swift in Sources */ = {isa = PBXBuildFile; fileRef = 9D5974F2A6845866B4D19213 /* ChatView.swift */; };
				B9C9BC29564B43EFA9D755EC /* PaywallView.swift in Sources */ = {isa = PBXBuildFile; fileRef = 92C0E75FA6A05969E3879A85 /* PaywallView.swift */; };
				C0A7B001C0A7B001C0A7B001 /* ContributorProgram.swift in Sources */ = {isa = PBXBuildFile; fileRef = C0A7B002C0A7B002C0A7B002 /* ContributorProgram.swift */; };
		BD19FEDCFEC33192A151A809 /* ContentView.swift in Sources */ = {isa = PBXBuildFile; fileRef = 6F7C8667FF0B2BD51ECB8A79 /* ContentView.swift */; };
		BD40D3F027D6CEF0ED707465 /* LlamaSwift in Frameworks */ = {isa = PBXBuildFile; productRef = 2CDBE4BCB2CEB38B77FCD8FE /* LlamaSwift */; };
		C2FC5A160607908B968E4732 /* PrivacyInfo.xcprivacy in Resources */ = {isa = PBXBuildFile; fileRef = 9403F2AC7BA0B0F471AE5FB3 /* PrivacyInfo.xcprivacy */; };
		C8C5E1345FDAC29042C2680F /* StoreDebugProbeTests.swift in Sources */ = {isa = PBXBuildFile; fileRef = 1AB9292785DB0115F5C39ED7 /* StoreDebugProbeTests.swift */; };
		DEA563445D69FD229384551E /* WelcomeView.swift in Sources */ = {isa = PBXBuildFile; fileRef = AA3332E3AE730AB8A109BB39 /* WelcomeView.swift */; };
		E38074921CFF15F5C13F004E /* AetherWebSearchService.swift in Sources */ = {isa = PBXBuildFile; fileRef = 998CAB07B8AB6F632D0F9289 /* AetherWebSearchService.swift */; };
/* End PBXBuildFile section */

/* Begin PBXContainerItemProxy section */
		C808E334AB7D397F305ACC51 /* PBXContainerItemProxy */ = {
			isa = PBXContainerItemProxy;
			containerPortal = DE3D4E5A7920071C7843B1EC /* Project object */;
			proxyType = 1;
			remoteGlobalIDString = 541DBC3A236E7B2BD15A5509;
			remoteInfo = AetherChat;
		};
		E7261B156469852641457D81 /* PBXContainerItemProxy */ = {
			isa = PBXContainerItemProxy;
			containerPortal = DE3D4E5A7920071C7843B1EC /* Project object */;
			proxyType = 1;
			remoteGlobalIDString = 541DBC3A236E7B2BD15A5509;
			remoteInfo = AetherChat;
		};
/* End PBXContainerItemProxy section */

/* Begin PBXFileReference section */
		00DFF4F9AE68F74FB88502D4 /* AetherNetworkMonitor.swift */ = {isa = PBXFileReference; lastKnownFileType = sourcecode.swift; path = AetherNetworkMonitor.swift; sourceTree = "<group>"; };
		13F5FF0AD4ED4CEF36E66D60 /* Theme.swift */ = {isa = PBXFileReference; lastKnownFileType = sourcecode.swift; path = Theme.swift; sourceTree = "<group>"; };
		16F4CB5C5C53D3927BB126F7 /* AetherModelCatalog.swift */ = {isa = PBXFileReference; lastKnownFileType = sourcecode.swift; path = AetherModelCatalog.swift; sourceTree = "<group>"; };
		A1D0E11A0000000000000002 /* AetherModelDelivery.swift */ = {isa = PBXFileReference; lastKnownFileType = sourcecode.swift; path = AetherModelDelivery.swift; sourceTree = "<group>"; };
		A1D0E11A0000000000000004 /* AetherModelDeliveryTests.swift */ = {isa = PBXFileReference; lastKnownFileType = sourcecode.swift; path = AetherModelDeliveryTests.swift; sourceTree = "<group>"; };
		1875FA3640D9151274551476 /* AetherChatUITests.xctest */ = {isa = PBXFileReference; includeInIndex = 0; lastKnownFileType = wrapper.cfbundle; path = AetherChatUITests.xctest; sourceTree = BUILT_PRODUCTS_DIR; };
		1AB9292785DB0115F5C39ED7 /* StoreDebugProbeTests.swift */ = {isa = PBXFileReference; lastKnownFileType = sourcecode.swift; path = StoreDebugProbeTests.swift; sourceTree = "<group>"; };
		1CAEDD35FC03663397F101DE /* AetherChatTests.xctest */ = {isa = PBXFileReference; includeInIndex = 0; lastKnownFileType = wrapper.cfbundle; path = AetherChatTests.xctest; sourceTree = BUILT_PRODUCTS_DIR; };
		206E2F83A641F2A88EE4DA46 /* AetherBackendClient.swift */ = {isa = PBXFileReference; lastKnownFileType = sourcecode.swift; path = AetherBackendClient.swift; sourceTree = "<group>"; };
		364B6E182C97484797BE9889 /* CanopySubscriptionManager.swift */ = {isa = PBXFileReference; lastKnownFileType = sourcecode.swift; path = CanopySubscriptionManager.swift; sourceTree = "<group>"; };
		5497B6552020A7C472FA5CFE /* AetherMemoryStore.swift */ = {isa = PBXFileReference; lastKnownFileType = sourcecode.swift; path = AetherMemoryStore.swift; sourceTree = "<group>"; };
		6F7C8667FF0B2BD51ECB8A79 /* ContentView.swift */ = {isa = PBXFileReference; lastKnownFileType = sourcecode.swift; path = ContentView.swift; sourceTree = "<group>"; };
		7072D9240F6DED5D1510BDD3 /* Info.plist */ = {isa = PBXFileReference; lastKnownFileType = text.plist; path = Info.plist; sourceTree = "<group>"; };
		7CD95ED95BB4ABAFDF6D5FA5 /* Assets.xcassets */ = {isa = PBXFileReference; lastKnownFileType = folder.assetcatalog; path = Assets.xcassets; sourceTree = "<group>"; };
		92C0E75FA6A05969E3879A85 /* PaywallView.swift */ = {isa = PBXFileReference; lastKnownFileType = sourcecode.swift; path = PaywallView.swift; sourceTree = "<group>"; };
		9403F2AC7BA0B0F471AE5FB3 /* PrivacyInfo.xcprivacy */ = {isa = PBXFileReference; lastKnownFileType = text.xml; path = PrivacyInfo.xcprivacy; sourceTree = "<group>"; };
		998CAB07B8AB6F632D0F9289 /* AetherWebSearchService.swift */ = {isa = PBXFileReference; lastKnownFileType = sourcecode.swift; path = AetherWebSearchService.swift; sourceTree = "<group>"; };
		9D5974F2A6845866B4D19213 /* ChatView.swift */ = {isa = PBXFileReference; lastKnownFileType = sourcecode.swift; path = ChatView.swift; sourceTree = "<group>"; };
		A75CC71D6D8AE5048E923411 /* AetherChatApp.swift */ = {isa = PBXFileReference; lastKnownFileType = sourcecode.swift; path = AetherChatApp.swift; sourceTree = "<group>"; };
		AA3332E3AE730AB8A109BB39 /* WelcomeView.swift */ = {isa = PBXFileReference; lastKnownFileType = sourcecode.swift; path = WelcomeView.swift; sourceTree = "<group>"; };
		B1A040BA03975C0FEAB2A8C9 /* AetherLocationService.swift */ = {isa = PBXFileReference; lastKnownFileType = sourcecode.swift; path = AetherLocationService.swift; sourceTree = "<group>"; };
		B53395A9747A04EF161105F9 /* AetherChat.app */ = {isa = PBXFileReference; explicitFileType = wrapper.application; includeInIndex = 0; path = AetherChat.app; sourceTree = BUILT_PRODUCTS_DIR; };
		B74413AB0BA1012F10A00D97 /* AetherOnDeviceClient.swift */ = {isa = PBXFileReference; lastKnownFileType = sourcecode.swift; path = AetherOnDeviceClient.swift; sourceTree = "<group>"; };
				C8141DD10A44BEB1A061A453 /* Models.swift */ = {isa = PBXFileReference; lastKnownFileType = sourcecode.swift; path = Models.swift; sourceTree = "<group>"; };
				C0A7B002C0A7B002C0A7B002 /* ContributorProgram.swift */ = {isa = PBXFileReference; lastKnownFileType = sourcecode.swift; path = ContributorProgram.swift; sourceTree = "<group>"; };
		D26E0F534E655ABC495FDF36 /* OakBackground.swift */ = {isa = PBXFileReference; lastKnownFileType = sourcecode.swift; path = OakBackground.swift; sourceTree = "<group>"; };
		D318C23330FCBADB7D0BB5BD /* ScreenshotTests.swift */ = {isa = PBXFileReference; lastKnownFileType = sourcecode.swift; path = ScreenshotTests.swift; sourceTree = "<group>"; };
		DBA431CB63F6A9ACBC2F673A /* ConversationListView.swift */ = {isa = PBXFileReference; lastKnownFileType = sourcecode.swift; path = ConversationListView.swift; sourceTree = "<group>"; };
		E17F8864DDD735AA6F1464B6 /* CanopyFeedback.swift */ = {isa = PBXFileReference; lastKnownFileType = sourcecode.swift; path = CanopyFeedback.swift; sourceTree = "<group>"; };
		E9B65CA3006F022BA596EAD5 /* SettingsView.swift */ = {isa = PBXFileReference; lastKnownFileType = sourcecode.swift; path = SettingsView.swift; sourceTree = "<group>"; };
		ECE35A5EB67B15555DD52AE1 /* HarnessStressTests.swift */ = {isa = PBXFileReference; lastKnownFileType = sourcecode.swift; path = HarnessStressTests.swift; sourceTree = "<group>"; };
/* End PBXFileReference section */

/* Begin PBXFrameworksBuildPhase section */
		4EFE08ECD7167A144DAB8B96 /* Frameworks */ = {
			isa = PBXFrameworksBuildPhase;
			buildActionMask = 2147483647;
			files = (
				BD40D3F027D6CEF0ED707465 /* LlamaSwift in Frameworks */,
			);
			runOnlyForDeploymentPostprocessing = 0;
		};
/* End PBXFrameworksBuildPhase section */

/* Begin PBXGroup section */
		0C085D83B7AA3884FBB8318F /* AetherChatUITests */ = {
			isa = PBXGroup;
			children = (
				D318C23330FCBADB7D0BB5BD /* ScreenshotTests.swift */,
			);
			path = AetherChatUITests;
			sourceTree = "<group>";
		};
		17818C2821050BDFDAEFF551 /* Products */ = {
			isa = PBXGroup;
			children = (
				B53395A9747A04EF161105F9 /* AetherChat.app */,
				1CAEDD35FC03663397F101DE /* AetherChatTests.xctest */,
				1875FA3640D9151274551476 /* AetherChatUITests.xctest */,
			);
			name = Products;
			sourceTree = "<group>";
		};
		278DA5E815ABD6DA6AAB7133 /* AetherChatTests */ = {
			isa = PBXGroup;
			children = (
				A1D0E11A0000000000000004 /* AetherModelDeliveryTests.swift */,
				ECE35A5EB67B15555DD52AE1 /* HarnessStressTests.swift */,
				1AB9292785DB0115F5C39ED7 /* StoreDebugProbeTests.swift */,
			);
			path = AetherChatTests;
			sourceTree = "<group>";
		};
		2D35C338D379E12308A35B2F /* AetherChat */ = {
			isa = PBXGroup;
			children = (
				206E2F83A641F2A88EE4DA46 /* AetherBackendClient.swift */,
				A75CC71D6D8AE5048E923411 /* AetherChatApp.swift */,
				B1A040BA03975C0FEAB2A8C9 /* AetherLocationService.swift */,
				5497B6552020A7C472FA5CFE /* AetherMemoryStore.swift */,
				16F4CB5C5C53D3927BB126F7 /* AetherModelCatalog.swift */,
				A1D0E11A0000000000000002 /* AetherModelDelivery.swift */,
				00DFF4F9AE68F74FB88502D4 /* AetherNetworkMonitor.swift */,
				B74413AB0BA1012F10A00D97 /* AetherOnDeviceClient.swift */,
				998CAB07B8AB6F632D0F9289 /* AetherWebSearchService.swift */,
				7CD95ED95BB4ABAFDF6D5FA5 /* Assets.xcassets */,
				E17F8864DDD735AA6F1464B6 /* CanopyFeedback.swift */,
				364B6E182C97484797BE9889 /* CanopySubscriptionManager.swift */,
				9D5974F2A6845866B4D19213 /* ChatView.swift */,
				6F7C8667FF0B2BD51ECB8A79 /* ContentView.swift */,
				DBA431CB63F6A9ACBC2F673A /* ConversationListView.swift */,
				7072D9240F6DED5D1510BDD3 /* Info.plist */,
				C8141DD10A44BEB1A061A453 /* Models.swift */,
				D26E0F534E655ABC495FDF36 /* OakBackground.swift */,
				92C0E75FA6A05969E3879A85 /* PaywallView.swift */,
				9403F2AC7BA0B0F471AE5FB3 /* PrivacyInfo.xcprivacy */,
				E9B65CA3006F022BA596EAD5 /* SettingsView.swift */,
				13F5FF0AD4ED4CEF36E66D60 /* Theme.swift */,
				AA3332E3AE730AB8A109BB39 /* WelcomeView.swift */,
				C0A7B003C0A7B003C0A7B003 /* Contributor */,
			);
			path = AetherChat;
			sourceTree = "<group>";
		};
		C0A7B003C0A7B003C0A7B003 /* Contributor */ = {
			isa = PBXGroup;
			children = (
				C0A7B002C0A7B002C0A7B002 /* ContributorProgram.swift */,
			);
			path = Contributor;
			sourceTree = "<group>";
		};
		96190B70EB576AF72A33524F = {
			isa = PBXGroup;
			children = (
				2D35C338D379E12308A35B2F /* AetherChat */,
				278DA5E815ABD6DA6AAB7133 /* AetherChatTests */,
				0C085D83B7AA3884FBB8318F /* AetherChatUITests */,
				17818C2821050BDFDAEFF551 /* Products */,
			);
			sourceTree = "<group>";
		};
/* End PBXGroup section */

/* Begin PBXNativeTarget section */
		47B4100138BE58D3FA63016C /* AetherChatUITests */ = {
			isa = PBXNativeTarget;
			buildConfigurationList = 6D3C68309B776C9CE5666995 /* Build configuration list for PBXNativeTarget "AetherChatUITests" */;
			buildPhases = (
				AD7042DFC1A6DC60F94344FC /* Sources */,
			);
			buildRules = (
			);
			dependencies = (
				73AA0640410CDBDC443E23EB /* PBXTargetDependency */,
			);
			name = AetherChatUITests;
			packageProductDependencies = (
			);
			productName = AetherChatUITests;
			productReference = 1875FA3640D9151274551476 /* AetherChatUITests.xctest */;
			productType = "com.apple.product-type.bundle.ui-testing";
		};
		541DBC3A236E7B2BD15A5509 /* AetherChat */ = {
			isa = PBXNativeTarget;
			buildConfigurationList = 8A9DED268FC1891D8BBDBE2A /* Build configuration list for PBXNativeTarget "AetherChat" */;
			buildPhases = (
				306BA0A7E20F583C78B289B0 /* Sources */,
				BF23F901C8DC7F3B12E63191 /* Resources */,
				4EFE08ECD7167A144DAB8B96 /* Frameworks */,
			);
			buildRules = (
			);
			dependencies = (
			);
			name = AetherChat;
			packageProductDependencies = (
				2CDBE4BCB2CEB38B77FCD8FE /* LlamaSwift */,
			);
			productName = AetherChat;
			productReference = B53395A9747A04EF161105F9 /* AetherChat.app */;
			productType = "com.apple.product-type.application";
		};
		EA101DFEA1AD74B1A1BEE2DB /* AetherChatTests */ = {
			isa = PBXNativeTarget;
			buildConfigurationList = D85CD97E25988292F62151ED /* Build configuration list for PBXNativeTarget "AetherChatTests" */;
			buildPhases = (
				A81F834438CDDCC39D347466 /* Sources */,
			);
			buildRules = (
			);
			dependencies = (
				2EDB8040F95677F1422DFA3A /* PBXTargetDependency */,
			);
			name = AetherChatTests;
			packageProductDependencies = (
			);
			productName = AetherChatTests;
			productReference = 1CAEDD35FC03663397F101DE /* AetherChatTests.xctest */;
			productType = "com.apple.product-type.bundle.unit-test";
		};
/* End PBXNativeTarget section */

/* Begin PBXProject section */
		DE3D4E5A7920071C7843B1EC /* Project object */ = {
			isa = PBXProject;
			attributes = {
				BuildIndependentTargetsInParallel = YES;
				LastUpgradeCheck = 1540;
				TargetAttributes = {
					47B4100138BE58D3FA63016C = {
						TestTargetID = 541DBC3A236E7B2BD15A5509;
					};
					541DBC3A236E7B2BD15A5509 = {
						DevelopmentTeam = YPHP5T7N84;
						ProvisioningStyle = Automatic;
					};
				};
			};
			buildConfigurationList = 55DA393DEDE02CC26C623D2F /* Build configuration list for PBXProject "AetherChat" */;
			developmentRegion = en;
			hasScannedForEncodings = 0;
			knownRegions = (
				Base,
				en,
			);
			mainGroup = 96190B70EB576AF72A33524F;
			minimizedProjectReferenceProxies = 1;
			packageReferences = (
				8DA8E2CB05D13D8C5B7FEB37 /* XCRemoteSwiftPackageReference "llama.swift" */,
			);
			preferredProjectObjectVersion = 77;
			productRefGroup = 17818C2821050BDFDAEFF551 /* Products */;
			projectDirPath = "";
			projectRoot = "";
			targets = (
				541DBC3A236E7B2BD15A5509 /* AetherChat */,
				EA101DFEA1AD74B1A1BEE2DB /* AetherChatTests */,
				47B4100138BE58D3FA63016C /* AetherChatUITests */,
			);
		};
/* End PBXProject section */

/* Begin PBXResourcesBuildPhase section */
		BF23F901C8DC7F3B12E63191 /* Resources */ = {
			isa = PBXResourcesBuildPhase;
			buildActionMask = 2147483647;
			files = (
				904ABDA6834086E220C7F8C0 /* Assets.xcassets in Resources */,
				C2FC5A160607908B968E4732 /* PrivacyInfo.xcprivacy in Resources */,
			);
			runOnlyForDeploymentPostprocessing = 0;
		};
/* End PBXResourcesBuildPhase section */

/* Begin PBXSourcesBuildPhase section */
		306BA0A7E20F583C78B289B0 /* Sources */ = {
			isa = PBXSourcesBuildPhase;
			buildActionMask = 2147483647;
			files = (
				789F1FF0BD31428A8B29336B /* AetherBackendClient.swift in Sources */,
				6E1D39E7FA0B2A618276A463 /* AetherChatApp.swift in Sources */,
				921E25969C8ABD6E5DC5AA02 /* AetherLocationService.swift in Sources */,
				8859BF333A4EEA671B7526D5 /* AetherMemoryStore.swift in Sources */,
				54FA9D840892A53ADB4B73F4 /* AetherModelCatalog.swift in Sources */,
				A1D0E11A0000000000000001 /* AetherModelDelivery.swift in Sources */,
				440F4DDB13ACE4E8F3CAB3A3 /* AetherNetworkMonitor.swift in Sources */,
				A0643D6E50DAB16D431C0350 /* AetherOnDeviceClient.swift in Sources */,
				E38074921CFF15F5C13F004E /* AetherWebSearchService.swift in Sources */,
				8904875EE67D7439E5C9C80A /* CanopyFeedback.swift in Sources */,
				09ABEC73F75E909717BAADB2 /* CanopySubscriptionManager.swift in Sources */,
				B0CAA0CCADC02CFB94962E66 /* ChatView.swift in Sources */,
				BD19FEDCFEC33192A151A809 /* ContentView.swift in Sources */,
				110F557D3CFEFA179247DEAF /* ConversationListView.swift in Sources */,
				4901DD09E5275CA4A1BCA716 /* Models.swift in Sources */,
				03C3B8E6586983CBE3FA18DA /* OakBackground.swift in Sources */,
				B9C9BC29564B43EFA9D755EC /* PaywallView.swift in Sources */,
				80644A3A9DF1AB3BD57AC6DD /* SettingsView.swift in Sources */,
				A9253ECB0B2AEC60F134903A /* Theme.swift in Sources */,
				DEA563445D69FD229384551E /* WelcomeView.swift in Sources */,
				C0A7B001C0A7B001C0A7B001 /* ContributorProgram.swift in Sources */,
			);
			runOnlyForDeploymentPostprocessing = 0;
		};
		A81F834438CDDCC39D347466 /* Sources */ = {
			isa = PBXSourcesBuildPhase;
			buildActionMask = 2147483647;
			files = (
				A1D0E11A0000000000000003 /* AetherModelDeliveryTests.swift in Sources */,
				0D0220B3E185F1D613313A41 /* HarnessStressTests.swift in Sources */,
				C8C5E1345FDAC29042C2680F /* StoreDebugProbeTests.swift in Sources */,
			);
			runOnlyForDeploymentPostprocessing = 0;
		};
		AD7042DFC1A6DC60F94344FC /* Sources */ = {
			isa = PBXSourcesBuildPhase;
			buildActionMask = 2147483647;
			files = (
				64CB717F51112E317F6537D8 /* ScreenshotTests.swift in Sources */,
			);
			runOnlyForDeploymentPostprocessing = 0;
		};
/* End PBXSourcesBuildPhase section */

/* Begin PBXTargetDependency section */
		2EDB8040F95677F1422DFA3A /* PBXTargetDependency */ = {
			isa = PBXTargetDependency;
			target = 541DBC3A236E7B2BD15A5509 /* AetherChat */;
			targetProxy = E7261B156469852641457D81 /* PBXContainerItemProxy */;
		};
		73AA0640410CDBDC443E23EB /* PBXTargetDependency */ = {
			isa = PBXTargetDependency;
			target = 541DBC3A236E7B2BD15A5509 /* AetherChat */;
			targetProxy = C808E334AB7D397F305ACC51 /* PBXContainerItemProxy */;
		};
/* End PBXTargetDependency section */

/* Begin XCBuildConfiguration section */
		1B89F2CBF30B476F753E41FD /* Release */ = {
			isa = XCBuildConfiguration;
			buildSettings = {
				ALWAYS_SEARCH_USER_PATHS = NO;
				CLANG_ANALYZER_NONNULL = YES;
				CLANG_ANALYZER_NUMBER_OBJECT_CONVERSION = YES_AGGRESSIVE;
				CLANG_CXX_LANGUAGE_STANDARD = "gnu++14";
				CLANG_CXX_LIBRARY = "libc++";
				CLANG_ENABLE_MODULES = YES;
				CLANG_ENABLE_OBJC_ARC = YES;
				CLANG_ENABLE_OBJC_WEAK = YES;
				CLANG_WARN_BLOCK_CAPTURE_AUTORELEASING = YES;
				CLANG_WARN_BOOL_CONVERSION = YES;
				CLANG_WARN_COMMA = YES;
				CLANG_WARN_CONSTANT_CONVERSION = YES;
				CLANG_WARN_DEPRECATED_OBJC_IMPLEMENTATIONS = YES;
				CLANG_WARN_DIRECT_OBJC_ISA_USAGE = YES_ERROR;
				CLANG_WARN_DOCUMENTATION_COMMENTS = YES;
				CLANG_WARN_EMPTY_BODY = YES;
				CLANG_WARN_ENUM_CONVERSION = YES;
				CLANG_WARN_INFINITE_RECURSION = YES;
				CLANG_WARN_INT_CONVERSION = YES;
				CLANG_WARN_NON_LITERAL_NULL_CONVERSION = YES;
				CLANG_WARN_OBJC_IMPLICIT_RETAIN_SELF = YES;
				CLANG_WARN_OBJC_LITERAL_CONVERSION = YES;
				CLANG_WARN_OBJC_ROOT_CLASS = YES_ERROR;
				CLANG_WARN_QUOTED_INCLUDE_IN_FRAMEWORK_HEADER = YES;
				CLANG_WARN_RANGE_LOOP_ANALYSIS = YES;
				CLANG_WARN_STRICT_PROTOTYPES = YES;
				CLANG_WARN_SUSPICIOUS_MOVE = YES;
				CLANG_WARN_UNGUARDED_AVAILABILITY = YES_AGGRESSIVE;
				CLANG_WARN_UNREACHABLE_CODE = YES;
				CLANG_WARN__DUPLICATE_METHOD_MATCH = YES;
				COPY_PHASE_STRIP = NO;
				CURRENT_PROJECT_VERSION = 1;
				DEBUG_INFORMATION_FORMAT = "dwarf-with-dsym";
				ENABLE_NS_ASSERTIONS = NO;
				ENABLE_STRICT_OBJC_MSGSEND = YES;
				GCC_C_LANGUAGE_STANDARD = gnu11;
				GCC_NO_COMMON_BLOCKS = YES;
				GCC_WARN_64_TO_32_BIT_CONVERSION = YES;
				GCC_WARN_ABOUT_RETURN_TYPE = YES_ERROR;
				GCC_WARN_UNDECLARED_SELECTOR = YES;
				GCC_WARN_UNINITIALIZED_AUTOS = YES_AGGRESSIVE;
				GCC_WARN_UNUSED_FUNCTION = YES;
				GCC_WARN_UNUSED_VARIABLE = YES;
				IPHONEOS_DEPLOYMENT_TARGET = 17.0;
				MARKETING_VERSION = 1.0.0;
				MTL_ENABLE_DEBUG_INFO = NO;
				MTL_FAST_MATH = YES;
				PRODUCT_NAME = "$(TARGET_NAME)";
				SDKROOT = iphoneos;
				SWIFT_COMPILATION_MODE = wholemodule;
				SWIFT_OPTIMIZATION_LEVEL = "-O";
				SWIFT_VERSION = 6.0;
			};
			name = Release;
		};
		1D8B37BA0F5CFEA67D9C7288 /* Debug */ = {
			isa = XCBuildConfiguration;
			buildSettings = {
				BUNDLE_LOADER = "$(TEST_HOST)";
				GENERATE_INFOPLIST_FILE = YES;
				LD_RUNPATH_SEARCH_PATHS = (
					"$(inherited)",
					"@executable_path/Frameworks",
					"@loader_path/Frameworks",
				);
				PRODUCT_BUNDLE_IDENTIFIER = com.nathanaelguitar.aetherchat.uitests;
				SDKROOT = iphoneos;
				TARGETED_DEVICE_FAMILY = "1,2";
				TEST_TARGET_NAME = AetherChat;
			};
			name = Debug;
		};
		25D45F92D9A0ACC403877CDE /* Release */ = {
			isa = XCBuildConfiguration;
			buildSettings = {
				AETHER_BUILD_CHANNEL = production;
				AETHER_BETA_TELEMETRY_ENDPOINT = "";
				AETHER_BETA_TELEMETRY_HMAC_SECRET = "";
				AETHER_MODEL_MANIFEST_ENDPOINT = "https://model-api.canopychat.app/v1/model-manifest";
				AETHER_MODEL_REGISTRATION_ENDPOINT = "https://model-api.canopychat.app/v1/tokens";
				ASSETCATALOG_COMPILER_APPICON_NAME = AppIcon;
				CODE_SIGN_IDENTITY = "iPhone Developer";
				CODE_SIGN_STYLE = Automatic;
				CURRENT_PROJECT_VERSION = 3;
				DEVELOPMENT_TEAM = YPHP5T7N84;
				INFOPLIST_FILE = AetherChat/Info.plist;
				LD_RUNPATH_SEARCH_PATHS = (
					"$(inherited)",
					"@executable_path/Frameworks",
				);
				OTHER_LDFLAGS = (
					"$(inherited)",
					"-lsqlite3",
				);
				PRODUCT_BUNDLE_IDENTIFIER = com.nathanaelguitar.aetherchat;
				SDKROOT = iphoneos;
				SUPPORTED_PLATFORMS = "iphoneos iphonesimulator";
				SUPPORTS_MACCATALYST = NO;
				SUPPORTS_MAC_DESIGNED_FOR_IPHONE_IPAD = NO;
				TARGETED_DEVICE_FAMILY = 1;
			};
			name = Release;
		};
		2812862BF966DE3764C148B6 /* Debug */ = {
			isa = XCBuildConfiguration;
			buildSettings = {
				AETHER_BUILD_CHANNEL = contributor;
				AETHER_BETA_TELEMETRY_ENDPOINT = "";
				AETHER_BETA_TELEMETRY_HMAC_SECRET = "";
				AETHER_MODEL_MANIFEST_ENDPOINT = "https://model-api.canopychat.app/v1/model-manifest";
				AETHER_MODEL_REGISTRATION_ENDPOINT = "https://model-api.canopychat.app/v1/tokens";
				ASSETCATALOG_COMPILER_APPICON_NAME = AppIcon;
				CODE_SIGN_IDENTITY = "iPhone Developer";
				CODE_SIGN_STYLE = Automatic;
				CURRENT_PROJECT_VERSION = 3;
				DEVELOPMENT_TEAM = YPHP5T7N84;
				INFOPLIST_FILE = AetherChat/Info.plist;
				LD_RUNPATH_SEARCH_PATHS = (
					"$(inherited)",
					"@executable_path/Frameworks",
				);
				OTHER_LDFLAGS = (
					"$(inherited)",
					"-lsqlite3",
				);
				PRODUCT_BUNDLE_IDENTIFIER = com.nathanaelguitar.aetherchat;
				SDKROOT = iphoneos;
				SUPPORTED_PLATFORMS = "iphoneos iphonesimulator";
				SUPPORTS_MACCATALYST = NO;
				SUPPORTS_MAC_DESIGNED_FOR_IPHONE_IPAD = NO;
				TARGETED_DEVICE_FAMILY = 1;
			};
			name = Debug;
		};
		3FF98F4D36BE5097BA1173FA /* Release */ = {
			isa = XCBuildConfiguration;
			buildSettings = {
				BUNDLE_LOADER = "$(TEST_HOST)";
				GENERATE_INFOPLIST_FILE = YES;
				LD_RUNPATH_SEARCH_PATHS = (
					"$(inherited)",
					"@executable_path/Frameworks",
					"@loader_path/Frameworks",
				);
				PRODUCT_BUNDLE_IDENTIFIER = com.nathanaelguitar.aetherchat.uitests;
				SDKROOT = iphoneos;
				TARGETED_DEVICE_FAMILY = "1,2";
				TEST_TARGET_NAME = AetherChat;
			};
			name = Release;
		};
		55C7EC2833668A3036697C6C /* Debug */ = {
			isa = XCBuildConfiguration;
			buildSettings = {
				BUNDLE_LOADER = "$(TEST_HOST)";
				GENERATE_INFOPLIST_FILE = YES;
				LD_RUNPATH_SEARCH_PATHS = (
					"$(inherited)",
					"@executable_path/Frameworks",
					"@loader_path/Frameworks",
				);
				PRODUCT_BUNDLE_IDENTIFIER = com.nathanaelguitar.aetherchat.tests;
				SDKROOT = iphoneos;
				TARGETED_DEVICE_FAMILY = "1,2";
				TEST_HOST = "$(BUILT_PRODUCTS_DIR)/AetherChat.app/$(BUNDLE_EXECUTABLE_FOLDER_PATH)/AetherChat";
			};
			name = Debug;
		};
		C92CAAEDC6F4E39C39B728A5 /* Release */ = {
			isa = XCBuildConfiguration;
			buildSettings = {
				BUNDLE_LOADER = "$(TEST_HOST)";
				GENERATE_INFOPLIST_FILE = YES;
				LD_RUNPATH_SEARCH_PATHS = (
					"$(inherited)",
					"@executable_path/Frameworks",
					"@loader_path/Frameworks",
				);
				PRODUCT_BUNDLE_IDENTIFIER = com.nathanaelguitar.aetherchat.tests;
				SDKROOT = iphoneos;
				TARGETED_DEVICE_FAMILY = "1,2";
				TEST_HOST = "$(BUILT_PRODUCTS_DIR)/AetherChat.app/$(BUNDLE_EXECUTABLE_FOLDER_PATH)/AetherChat";
			};
			name = Release;
		};
		DF3BEA9D5787BDB914AB22FF /* Debug */ = {
			isa = XCBuildConfiguration;
			buildSettings = {
				ALWAYS_SEARCH_USER_PATHS = NO;
				CLANG_ANALYZER_NONNULL = YES;
				CLANG_ANALYZER_NUMBER_OBJECT_CONVERSION = YES_AGGRESSIVE;
				CLANG_CXX_LANGUAGE_STANDARD = "gnu++14";
				CLANG_CXX_LIBRARY = "libc++";
				CLANG_ENABLE_MODULES = YES;
				CLANG_ENABLE_OBJC_ARC = YES;
				CLANG_ENABLE_OBJC_WEAK = YES;
				CLANG_WARN_BLOCK_CAPTURE_AUTORELEASING = YES;
				CLANG_WARN_BOOL_CONVERSION = YES;
				CLANG_WARN_COMMA = YES;
				CLANG_WARN_CONSTANT_CONVERSION = YES;
				CLANG_WARN_DEPRECATED_OBJC_IMPLEMENTATIONS = YES;
				CLANG_WARN_DIRECT_OBJC_ISA_USAGE = YES_ERROR;
				CLANG_WARN_DOCUMENTATION_COMMENTS = YES;
				CLANG_WARN_EMPTY_BODY = YES;
				CLANG_WARN_ENUM_CONVERSION = YES;
				CLANG_WARN_INFINITE_RECURSION = YES;
				CLANG_WARN_INT_CONVERSION = YES;
				CLANG_WARN_NON_LITERAL_NULL_CONVERSION = YES;
				CLANG_WARN_OBJC_IMPLICIT_RETAIN_SELF = YES;
				CLANG_WARN_OBJC_LITERAL_CONVERSION = YES;
				CLANG_WARN_OBJC_ROOT_CLASS = YES_ERROR;
				CLANG_WARN_QUOTED_INCLUDE_IN_FRAMEWORK_HEADER = YES;
				CLANG_WARN_RANGE_LOOP_ANALYSIS = YES;
				CLANG_WARN_STRICT_PROTOTYPES = YES;
				CLANG_WARN_SUSPICIOUS_MOVE = YES;
				CLANG_WARN_UNGUARDED_AVAILABILITY = YES_AGGRESSIVE;
				CLANG_WARN_UNREACHABLE_CODE = YES;
				CLANG_WARN__DUPLICATE_METHOD_MATCH = YES;
				COPY_PHASE_STRIP = NO;
				CURRENT_PROJECT_VERSION = 1;
				DEBUG_INFORMATION_FORMAT = dwarf;
				ENABLE_STRICT_OBJC_MSGSEND = YES;
				ENABLE_TESTABILITY = YES;
				GCC_C_LANGUAGE_STANDARD = gnu11;
				GCC_DYNAMIC_NO_PIC = NO;
				GCC_NO_COMMON_BLOCKS = YES;
				GCC_OPTIMIZATION_LEVEL = 0;
				GCC_PREPROCESSOR_DEFINITIONS = (
					"$(inherited)",
					"DEBUG=1",
				);
				GCC_WARN_64_TO_32_BIT_CONVERSION = YES;
				GCC_WARN_ABOUT_RETURN_TYPE = YES_ERROR;
				GCC_WARN_UNDECLARED_SELECTOR = YES;
				GCC_WARN_UNINITIALIZED_AUTOS = YES_AGGRESSIVE;
				GCC_WARN_UNUSED_FUNCTION = YES;
				GCC_WARN_UNUSED_VARIABLE = YES;
				IPHONEOS_DEPLOYMENT_TARGET = 17.0;
				MARKETING_VERSION = 1.0.0;
				MTL_ENABLE_DEBUG_INFO = INCLUDE_SOURCE;
				MTL_FAST_MATH = YES;
				ONLY_ACTIVE_ARCH = YES;
				PRODUCT_NAME = "$(TARGET_NAME)";
				SDKROOT = iphoneos;
				SWIFT_ACTIVE_COMPILATION_CONDITIONS = DEBUG;
				SWIFT_OPTIMIZATION_LEVEL = "-Onone";
				SWIFT_VERSION = 6.0;
			};
			name = Debug;
		};
/* End XCBuildConfiguration section */

/* Begin XCConfigurationList section */
		55DA393DEDE02CC26C623D2F /* Build configuration list for PBXProject "AetherChat" */ = {
			isa = XCConfigurationList;
			buildConfigurations = (
				DF3BEA9D5787BDB914AB22FF /* Debug */,
				1B89F2CBF30B476F753E41FD /* Release */,
			);
			defaultConfigurationIsVisible = 0;
			defaultConfigurationName = Debug;
		};
		6D3C68309B776C9CE5666995 /* Build configuration list for PBXNativeTarget "AetherChatUITests" */ = {
			isa = XCConfigurationList;
			buildConfigurations = (
				1D8B37BA0F5CFEA67D9C7288 /* Debug */,
				3FF98F4D36BE5097BA1173FA /* Release */,
			);
			defaultConfigurationIsVisible = 0;
			defaultConfigurationName = Debug;
		};
		8A9DED268FC1891D8BBDBE2A /* Build configuration list for PBXNativeTarget "AetherChat" */ = {
			isa = XCConfigurationList;
			buildConfigurations = (
				2812862BF966DE3764C148B6 /* Debug */,
				25D45F92D9A0ACC403877CDE /* Release */,
			);
			defaultConfigurationIsVisible = 0;
			defaultConfigurationName = Debug;
		};
		D85CD97E25988292F62151ED /* Build configuration list for PBXNativeTarget "AetherChatTests" */ = {
			isa = XCConfigurationList;
			buildConfigurations = (
				55C7EC2833668A3036697C6C /* Debug */,
				C92CAAEDC6F4E39C39B728A5 /* Release */,
			);
			defaultConfigurationIsVisible = 0;
			defaultConfigurationName = Debug;
		};
/* End XCConfigurationList section */

/* Begin XCRemoteSwiftPackageReference section */
		8DA8E2CB05D13D8C5B7FEB37 /* XCRemoteSwiftPackageReference "llama.swift" */ = {
			isa = XCRemoteSwiftPackageReference;
			repositoryURL = "https://github.com/mattt/llama.swift.git";
			requirement = {
				kind = upToNextMajorVersion;
				minimumVersion = 2.9821.0;
			};
		};
/* End XCRemoteSwiftPackageReference section */

/* Begin XCSwiftPackageProductDependency section */
		2CDBE4BCB2CEB38B77FCD8FE /* LlamaSwift */ = {
			isa = XCSwiftPackageProductDependency;
			package = 8DA8E2CB05D13D8C5B7FEB37 /* XCRemoteSwiftPackageReference "llama.swift" */;
			productName = LlamaSwift;
		};
/* End XCSwiftPackageProductDependency section */
	};
	rootObject = DE3D4E5A7920071C7843B1EC /* Project object */;
}
